
Microsoft Visual Studio Solution File, Format Version 12.00
# Visual Studio Version 16
VisualStudioVersion = 16.0.29709.97
MinimumVisualStudioVersion = 10.0.40219.1
Project("{9A19103F-16F7-4668-BE54-9A1E7A4F7556}") = "Sample.Api", "Sample.Api\Sample.Api.csproj", "{78777E16-F667-470C-861E-386C026CB307}"
EndProject
Project("{FAE04EC0-301F-11D3-BF4B-00C04F79EFBC}") = "SampleApi.Client", "SampleApi.Client\SampleApi.Client.csproj", "{31954E87-E227-46E4-8951-515C14417573}"
EndProject
Project("{FAE04EC0-301F-11D3-BF4B-00C04F79EFBC}") = "TestConsole", "TestConsole\TestConsole.csproj", "{6C155718-460B-4C56-B24A-6A60FB688069}"
EndProject
Global
	GlobalSection(SolutionConfigurationPlatforms) = preSolution
		Debug|Any CPU = Debug|Any CPU
		Release|Any CPU = Release|Any CPU
	EndGlobalSection
	GlobalSection(ProjectConfigurationPlatforms) = postSolution
		{78777E16-F667-470C-861E-386C026CB307}.Debug|Any CPU.ActiveCfg = Debug|Any CPU
		{78777E16-F667-470C-861E-386C026CB307}.Debug|Any CPU.Build.0 = Debug|Any CPU
		{78777E16-F667-470C-861E-386C026CB307}.Release|Any CPU.ActiveCfg = Release|Any CPU
		{78777E16-F667-470C-861E-386C026CB307}.Release|Any CPU.Build.0 = Release|Any CPU
		{31954E87-E227-46E4-8951-515C14417573}.Debug|Any CPU.ActiveCfg = Debug|Any CPU
		{31954E87-E227-46E4-8951-515C14417573}.Debug|Any CPU.Build.0 = Debug|Any CPU
		{31954E87-E227-46E4-8951-515C14417573}.Release|Any CPU.ActiveCfg = Release|Any CPU
		{31954E87-E227-46E4-8951-515C14417573}.Release|Any CPU.Build.0 = Release|Any CPU
		{6C155718-460B-4C56-B24A-6A60FB688069}.Debug|Any CPU.ActiveCfg = Debug|Any CPU
		{6C155718-460B-4C56-B24A-6A60FB688069}.Debug|Any CPU.Build.0 = Debug|Any CPU
		{6C155718-460B-4C56-B24A-6A60FB688069}.Release|Any CPU.ActiveCfg = Release|Any CPU
		{6C155718-460B-4C56-B24A-6A60FB688069}.Release|Any CPU.Build.0 = Release|Any CPU
	EndGlobalSection
	GlobalSection(SolutionProperties) = preSolution
		HideSolutionNode = FALSE
	EndGlobalSection
	GlobalSection(ExtensibilityGlobals) = postSolution
		SolutionGuid = {FCEA94BE-8111-47A1-AD9A-F9653577BCAD}
	EndGlobalSection
EndGlobal
